
Microsoft Visual Studio Solution File, Format Version 12.00
# Visual Studio Version 17
VisualStudioVersion = 17.6.33712.159
MinimumVisualStudioVersion = 10.0.40219.1
Project("{9A19103F-16F7-4668-BE54-9A1E7A4F7556}") = "Galatea.Web", "Galatea.Web\Galatea.Web.csproj", "{88528826-D8D6-4F7C-BB7E-F13AD117FA0F}"
EndProject
Project("{9A19103F-16F7-4668-BE54-9A1E7A4F7556}") = "Galatea.Common", "Galatea.Common\Galatea.Common.csproj", "{7929B297-4785-440D-9FBA-FCF35212D101}"
EndProject
Project("{2150E333-8FDC-42A3-9474-1A3956D46DE8}") = "Web", "Web", "{CD97D3A9-6485-4B85-8166-546058AEA24A}"
EndProject
Project("{2150E333-8FDC-42A3-9474-1A3956D46DE8}") = "Data", "Data", "{E877E52C-6303-45D4-892D-1B79FEA7783F}"
EndProject
Project("{9A19103F-16F7-4668-BE54-9A1E7A4F7556}") = "Galatea.Data", "Galatea.Data\Galatea.Data.csproj", "{62920050-92F9-47F0-8A19-E677872E7EA7}"
EndProject
Project("{9A19103F-16F7-4668-BE54-9A1E7A4F7556}") = "Galatea.Data.Models", "Galatea.Data.Models\Galatea.Data.Models.csproj", "{6033D360-59E9-4937-A182-6C8995927608}"
EndProject
Project("{9A19103F-16F7-4668-BE54-9A1E7A4F7556}") = "Galatea.Web.ViewModels", "Galatea.Web.ViewModels\Galatea.Web.ViewModels.csproj", "{DC47C704-168D-4DE9-B059-2D338CD2A77D}"
EndProject
Project("{2150E333-8FDC-42A3-9474-1A3956D46DE8}") = "Services", "Services", "{5B855E4B-FF33-4EE0-8B13-42A87D6FFBE2}"
EndProject
Project("{9A19103F-16F7-4668-BE54-9A1E7A4F7556}") = "Galatea.Services.Data", "Galatea.Services.Data\Galatea.Services.Data.csproj", "{603A3F3D-A58B-4456-9FE6-C55E36A6EC4D}"
EndProject
Project("{9A19103F-16F7-4668-BE54-9A1E7A4F7556}") = "Galatea.Web.Infrastructure", "Galatea.Web.Infrastructure\Galatea.Web.Infrastructure.csproj", "{FE5AC2DB-8407-40EA-848D-467CCE234ED6}"
EndProject
Project("{9A19103F-16F7-4668-BE54-9A1E7A4F7556}") = "Galatea.WebAPI", "Galatea.WebAPI\Galatea.WebAPI.csproj", "{D465996D-9DBE-4ADC-818B-0822EDEADD4C}"
EndProject
Project("{2150E333-8FDC-42A3-9474-1A3956D46DE8}") = "ScreenShoots", "ScreenShoots", "{27A92794-0E14-4A2D-A26D-C65CE43E8655}"
EndProject
Global
	GlobalSection(SolutionConfigurationPlatforms) = preSolution
		Debug|Any CPU = Debug|Any CPU
		Release|Any CPU = Release|Any CPU
	EndGlobalSection
	GlobalSection(ProjectConfigurationPlatforms) = postSolution
		{88528826-D8D6-4F7C-BB7E-F13AD117FA0F}.Debug|Any CPU.ActiveCfg = Debug|Any CPU
		{88528826-D8D6-4F7C-BB7E-F13AD117FA0F}.Debug|Any CPU.Build.0 = Debug|Any CPU
		{88528826-D8D6-4F7C-BB7E-F13AD117FA0F}.Release|Any CPU.ActiveCfg = Release|Any CPU
		{88528826-D8D6-4F7C-BB7E-F13AD117FA0F}.Release|Any CPU.Build.0 = Release|Any CPU
		{7929B297-4785-440D-9FBA-FCF35212D101}.Debug|Any CPU.ActiveCfg = Debug|Any CPU
		{7929B297-4785-440D-9FBA-FCF35212D101}.Debug|Any CPU.Build.0 = Debug|Any CPU
		{7929B297-4785-440D-9FBA-FCF35212D101}.Release|Any CPU.ActiveCfg = Release|Any CPU
		{7929B297-4785-440D-9FBA-FCF35212D101}.Release|Any CPU.Build.0 = Release|Any CPU
		{62920050-92F9-47F0-8A19-E677872E7EA7}.Debug|Any CPU.ActiveCfg = Debug|Any CPU
		{62920050-92F9-47F0-8A19-E677872E7EA7}.Debug|Any CPU.Build.0 = Debug|Any CPU
		{62920050-92F9-47F0-8A19-E677872E7EA7}.Release|Any CPU.ActiveCfg = Release|Any CPU
		{62920050-92F9-47F0-8A19-E677872E7EA7}.Release|Any CPU.Build.0 = Release|Any CPU
		{6033D360-59E9-4937-A182-6C8995927608}.Debug|Any CPU.ActiveCfg = Debug|Any CPU
		{6033D360-59E9-4937-A182-6C8995927608}.Debug|Any CPU.Build.0 = Debug|Any CPU
		{6033D360-59E9-4937-A182-6C8995927608}.Release|Any CPU.ActiveCfg = Release|Any CPU
		{6033D360-59E9-4937-A182-6C8995927608}.Release|Any CPU.Build.0 = Release|Any CPU
		{DC47C704-168D-4DE9-B059-2D338CD2A77D}.Debug|Any CPU.ActiveCfg = Debug|Any CPU
		{DC47C704-168D-4DE9-B059-2D338CD2A77D}.Debug|Any CPU.Build.0 = Debug|Any CPU
		{DC47C704-168D-4DE9-B059-2D338CD2A77D}.Release|Any CPU.ActiveCfg = Release|Any CPU
		{DC47C704-168D-4DE9-B059-2D338CD2A77D}.Release|Any CPU.Build.0 = Release|Any CPU
		{603A3F3D-A58B-4456-9FE6-C55E36A6EC4D}.Debug|Any CPU.ActiveCfg = Debug|Any CPU
		{603A3F3D-A58B-4456-9FE6-C55E36A6EC4D}.Debug|Any CPU.Build.0 = Debug|Any CPU
		{603A3F3D-A58B-4456-9FE6-C55E36A6EC4D}.Release|Any CPU.ActiveCfg = Release|Any CPU
		{603A3F3D-A58B-4456-9FE6-C55E36A6EC4D}.Release|Any CPU.Build.0 = Release|Any CPU
		{FE5AC2DB-8407-40EA-848D-467CCE234ED6}.Debug|Any CPU.ActiveCfg = Debug|Any CPU
		{FE5AC2DB-8407-40EA-848D-467CCE234ED6}.Debug|Any CPU.Build.0 = Debug|Any CPU
		{FE5AC2DB-8407-40EA-848D-467CCE234ED6}.Release|Any CPU.ActiveCfg = Release|Any CPU
		{FE5AC2DB-8407-40EA-848D-467CCE234ED6}.Release|Any CPU.Build.0 = Release|Any CPU
		{D465996D-9DBE-4ADC-818B-0822EDEADD4C}.Debug|Any CPU.ActiveCfg = Debug|Any CPU
		{D465996D-9DBE-4ADC-818B-0822EDEADD4C}.Debug|Any CPU.Build.0 = Debug|Any CPU
		{D465996D-9DBE-4ADC-818B-0822EDEADD4C}.Release|Any CPU.ActiveCfg = Release|Any CPU
		{D465996D-9DBE-4ADC-818B-0822EDEADD4C}.Release|Any CPU.Build.0 = Release|Any CPU
	EndGlobalSection
	GlobalSection(SolutionProperties) = preSolution
		HideSolutionNode = FALSE
	EndGlobalSection
	GlobalSection(NestedProjects) = preSolution
		{88528826-D8D6-4F7C-BB7E-F13AD117FA0F} = {CD97D3A9-6485-4B85-8166-546058AEA24A}
		{62920050-92F9-47F0-8A19-E677872E7EA7} = {E877E52C-6303-45D4-892D-1B79FEA7783F}
		{6033D360-59E9-4937-A182-6C8995927608} = {E877E52C-6303-45D4-892D-1B79FEA7783F}
		{DC47C704-168D-4DE9-B059-2D338CD2A77D} = {CD97D3A9-6485-4B85-8166-546058AEA24A}
		{603A3F3D-A58B-4456-9FE6-C55E36A6EC4D} = {5B855E4B-FF33-4EE0-8B13-42A87D6FFBE2}
		{FE5AC2DB-8407-40EA-848D-467CCE234ED6} = {CD97D3A9-6485-4B85-8166-546058AEA24A}
		{D465996D-9DBE-4ADC-818B-0822EDEADD4C} = {CD97D3A9-6485-4B85-8166-546058AEA24A}
	EndGlobalSection
	GlobalSection(ExtensibilityGlobals) = postSolution
		SolutionGuid = {61F09810-8C0D-4ECE-9AF8-9A3B2213A5A9}
	EndGlobalSection
EndGlobal
